
Microsoft Visual Studio Solution File, Format Version 12.00
# Visual Studio Version 16
VisualStudioVersion = 16.0.30717.126
MinimumVisualStudioVersion = 10.0.40219.1
Project("{9A19103F-16F7-4668-BE54-9A1E7A4F7556}") = "FauxHollowsSolver", "FauxHollowsSolver\FauxHollowsSolver.csproj", "{5A6E2A95-1D4A-4BFA-89B0-086A1A080516}"
EndProject
Project("{FAE04EC0-301F-11D3-BF4B-00C04F79EFBC}") = "FFXIVClientStructs", "..\FFXIVClientStructs\FFXIVClientStructs.csproj", "{3DBAEE68-9D94-4807-BCB1-E42EDD52B489}"
EndProject
Project("{2150E333-8FDC-42A3-9474-1A3956D46DE8}") = "Solution Items", "Solution Items", "{8542CED6-38C7-43D9-9B6C-A2AED9E13CAD}"
	ProjectSection(SolutionItems) = preProject
		.gitignore = .gitignore
	EndProjectSection
EndProject
Global
	GlobalSection(SolutionConfigurationPlatforms) = preSolution
		Debug|Any CPU = Debug|Any CPU
		Release|Any CPU = Release|Any CPU
	EndGlobalSection
	GlobalSection(ProjectConfigurationPlatforms) = postSolution
		{5A6E2A95-1D4A-4BFA-89B0-086A1A080516}.Debug|Any CPU.ActiveCfg = Debug|Any CPU
		{5A6E2A95-1D4A-4BFA-89B0-086A1A080516}.Debug|Any CPU.Build.0 = Debug|Any CPU
		{5A6E2A95-1D4A-4BFA-89B0-086A1A080516}.Release|Any CPU.ActiveCfg = Release|Any CPU
		{5A6E2A95-1D4A-4BFA-89B0-086A1A080516}.Release|Any CPU.Build.0 = Release|Any CPU
		{3DBAEE68-9D94-4807-BCB1-E42EDD52B489}.Debug|Any CPU.ActiveCfg = Debug|Any CPU
		{3DBAEE68-9D94-4807-BCB1-E42EDD52B489}.Debug|Any CPU.Build.0 = Debug|Any CPU
		{3DBAEE68-9D94-4807-BCB1-E42EDD52B489}.Release|Any CPU.ActiveCfg = Release|Any CPU
		{3DBAEE68-9D94-4807-BCB1-E42EDD52B489}.Release|Any CPU.Build.0 = Release|Any CPU
	EndGlobalSection
	GlobalSection(SolutionProperties) = preSolution
		HideSolutionNode = FALSE
	EndGlobalSection
	GlobalSection(ExtensibilityGlobals) = postSolution
		SolutionGuid = {4F7089B8-6770-4890-8219-69A691FF08F8}
	EndGlobalSection
EndGlobal
