
Microsoft Visual Studio Solution File, Format Version 12.00
# Visual Studio Version 17
VisualStudioVersion = 17.0.31423.177
MinimumVisualStudioVersion = 10.0.40219.1
Project("{9A19103F-16F7-4668-BE54-9A1E7A4F7556}") = "FauxHollowsSolver", "FauxHollowsSolver\FauxHollowsSolver.csproj", "{5A6E2A95-1D4A-4BFA-89B0-086A1A080516}"
EndProject
Project("{2150E333-8FDC-42A3-9474-1A3956D46DE8}") = "Solution Items", "Solution Items", "{8542CED6-38C7-43D9-9B6C-A2AED9E13CAD}"
	ProjectSection(SolutionItems) = preProject
		.gitignore = .gitignore
	EndProjectSection
EndProject
Project("{2150E333-8FDC-42A3-9474-1A3956D46DE8}") = "Github Actions", "Github Actions", "{EF8F52B7-EFA7-4785-B35F-10496A3AC3B9}"
	ProjectSection(SolutionItems) = preProject
		.github\workflows\build.yml = .github\workflows\build.yml
	EndProjectSection
EndProject
Project("{9A19103F-16F7-4668-BE54-9A1E7A4F7556}") = "FFXIVClientStructs", "lib\FFXIVClientStructs\FFXIVClientStructs\FFXIVClientStructs.csproj", "{96552C3F-37DF-4C52-9DE5-1A9BF2655D5F}"
EndProject
Project("{9A19103F-16F7-4668-BE54-9A1E7A4F7556}") = "FFXIVClientStructs.Generators", "lib\FFXIVClientStructs\FFXIVClientStructs.Generators\FFXIVClientStructs.Generators.csproj", "{CC254833-10DA-46A0-A325-B1357CEAB0AA}"
EndProject
Global
	GlobalSection(SolutionConfigurationPlatforms) = preSolution
		Debug|Any CPU = Debug|Any CPU
		Debug|x64 = Debug|x64
		Release|Any CPU = Release|Any CPU
		Release|x64 = Release|x64
	EndGlobalSection
	GlobalSection(ProjectConfigurationPlatforms) = postSolution
		{5A6E2A95-1D4A-4BFA-89B0-086A1A080516}.Debug|Any CPU.ActiveCfg = Debug|x64
		{5A6E2A95-1D4A-4BFA-89B0-086A1A080516}.Debug|Any CPU.Build.0 = Debug|x64
		{5A6E2A95-1D4A-4BFA-89B0-086A1A080516}.Debug|x64.ActiveCfg = Debug|x64
		{5A6E2A95-1D4A-4BFA-89B0-086A1A080516}.Debug|x64.Build.0 = Debug|x64
		{5A6E2A95-1D4A-4BFA-89B0-086A1A080516}.Release|Any CPU.ActiveCfg = Release|x64
		{5A6E2A95-1D4A-4BFA-89B0-086A1A080516}.Release|Any CPU.Build.0 = Release|x64
		{5A6E2A95-1D4A-4BFA-89B0-086A1A080516}.Release|x64.ActiveCfg = Release|x64
		{5A6E2A95-1D4A-4BFA-89B0-086A1A080516}.Release|x64.Build.0 = Release|x64
		{96552C3F-37DF-4C52-9DE5-1A9BF2655D5F}.Debug|Any CPU.ActiveCfg = Debug|Any CPU
		{96552C3F-37DF-4C52-9DE5-1A9BF2655D5F}.Debug|Any CPU.Build.0 = Debug|Any CPU
		{96552C3F-37DF-4C52-9DE5-1A9BF2655D5F}.Debug|x64.ActiveCfg = Debug|Any CPU
		{96552C3F-37DF-4C52-9DE5-1A9BF2655D5F}.Debug|x64.Build.0 = Debug|Any CPU
		{96552C3F-37DF-4C52-9DE5-1A9BF2655D5F}.Release|Any CPU.ActiveCfg = Release|Any CPU
		{96552C3F-37DF-4C52-9DE5-1A9BF2655D5F}.Release|Any CPU.Build.0 = Release|Any CPU
		{96552C3F-37DF-4C52-9DE5-1A9BF2655D5F}.Release|x64.ActiveCfg = Release|Any CPU
		{96552C3F-37DF-4C52-9DE5-1A9BF2655D5F}.Release|x64.Build.0 = Release|Any CPU
		{CC254833-10DA-46A0-A325-B1357CEAB0AA}.Debug|Any CPU.ActiveCfg = Debug|Any CPU
		{CC254833-10DA-46A0-A325-B1357CEAB0AA}.Debug|Any CPU.Build.0 = Debug|Any CPU
		{CC254833-10DA-46A0-A325-B1357CEAB0AA}.Debug|x64.ActiveCfg = Debug|Any CPU
		{CC254833-10DA-46A0-A325-B1357CEAB0AA}.Debug|x64.Build.0 = Debug|Any CPU
		{CC254833-10DA-46A0-A325-B1357CEAB0AA}.Release|Any CPU.ActiveCfg = Release|Any CPU
		{CC254833-10DA-46A0-A325-B1357CEAB0AA}.Release|Any CPU.Build.0 = Release|Any CPU
		{CC254833-10DA-46A0-A325-B1357CEAB0AA}.Release|x64.ActiveCfg = Release|Any CPU
		{CC254833-10DA-46A0-A325-B1357CEAB0AA}.Release|x64.Build.0 = Release|Any CPU
	EndGlobalSection
	GlobalSection(SolutionProperties) = preSolution
		HideSolutionNode = FALSE
	EndGlobalSection
	GlobalSection(ExtensibilityGlobals) = postSolution
		SolutionGuid = {4F7089B8-6770-4890-8219-69A691FF08F8}
	EndGlobalSection
EndGlobal
